{
  "originHash" : "ac288556adfccd52466f89d2dda6bdbf275ca563ae24422c4135c4a213814a62",
  "pins" : [
    {
      "identity" : "ultralitesdk-releases-ios",
      "kind" : "remoteSourceControl",
      "location" : "https://github.com/Vuzix/UltraliteSDK-releases-iOS",
      "state" : {
        "branch" : "main",
        "revision" : "c7bd39808f36dc3831843283b11d7f61097d67bb"
      }
    }
  ],
  "version" : 3
}
